<?xml version="1.0" encoding="utf-8"?>
<Project ToolsVersion="4.0" xmlns="http://schemas.microsoft.com/developer/msbuild/2003">
  <ItemGroup>
    <Filter Include="Load">
      <UniqueIdentifier>{4cd3047c-9cfd-4c92-ae1f-c278e53d07bb}</UniqueIdentifier>
    </Filter>
    <Filter Include="Scene">
      <UniqueIdentifier>{db173ab0-d323-4c95-b623-981831195ccc}</UniqueIdentifier>
    </Filter>
    <Filter Include="Script">
      <UniqueIdentifier>{a7647a88-91f6-455b-844e-aab4dc6f2a8c}</UniqueIdentifier>
    </Filter>
    <Filter Include="Scene\PlayScenes">
      <UniqueIdentifier>{92f3a254-1c87-4c9b-b68c-298b7ed06b06}</UniqueIdentifier>
    </Filter>
  </ItemGroup>
  <ItemGroup>
    <ClInclude Include="framework.h" />
    <ClInclude Include="SceneLoader.h">
      <Filter>Load</Filter>
    </ClInclude>
    <ClInclude Include="hjCameraScript.h">
      <Filter>Script</Filter>
    </ClInclude>
    <ClInclude Include="hjPlayScene.h">
      <Filter>Scene</Filter>
    </ClInclude>
    <ClInclude Include="hjGridScript.h">
      <Filter>Script</Filter>
    </ClInclude>
    <ClInclude Include="hjDungeon_Skasa.h">
      <Filter>Scene\PlayScenes</Filter>
    </ClInclude>
    <ClInclude Include="hjPlayerScript.h">
      <Filter>Script</Filter>
    </ClInclude>
    <ClInclude Include="BackGroundLoader.h">
      <Filter>Load</Filter>
    </ClInclude>
    <ClInclude Include="hjImageScript.h">
      <Filter>Script</Filter>
    </ClInclude>
    <ClInclude Include="hjDungeon_Spirazzi.h">
      <Filter>Scene\PlayScenes</Filter>
    </ClInclude>
    <ClInclude Include="hjDungeon_Hysmar.h">
      <Filter>Scene\PlayScenes</Filter>
    </ClInclude>
    <ClInclude Include="hjTown_GunHwaMun.h">
      <Filter>Scene\PlayScenes</Filter>
    </ClInclude>
    <ClInclude Include="hjTown_MainCamp.h">
      <Filter>Scene\PlayScenes</Filter>
    </ClInclude>
  </ItemGroup>
  <ItemGroup>
    <ClCompile Include="HjEngine.cpp" />
    <ClCompile Include="hjCameraScript.cpp">
      <Filter>Script</Filter>
    </ClCompile>
    <ClCompile Include="hjPlayScene.cpp">
      <Filter>Scene</Filter>
    </ClCompile>
    <ClCompile Include="hjGridScript.cpp">
      <Filter>Script</Filter>
    </ClCompile>
    <ClCompile Include="hjDungeon_Skasa.cpp">
      <Filter>Scene\PlayScenes</Filter>
    </ClCompile>
    <ClCompile Include="hjPlayerScript.cpp">
      <Filter>Script</Filter>
    </ClCompile>
    <ClCompile Include="hjImageScript.cpp">
      <Filter>Script</Filter>
    </ClCompile>
    <ClCompile Include="hjDungeon_Spirazzi.cpp">
      <Filter>Scene\PlayScenes</Filter>
    </ClCompile>
    <ClCompile Include="hjDungeon_Hysmar.cpp">
      <Filter>Scene\PlayScenes</Filter>
    </ClCompile>
    <ClCompile Include="hjTown_GunHwaMun.cpp">
      <Filter>Scene\PlayScenes</Filter>
    </ClCompile>
    <ClCompile Include="hjTown_MainCamp.cpp">
      <Filter>Scene\PlayScenes</Filter>
    </ClCompile>
  </ItemGroup>
</Project>