<?xml version="1.0" encoding="utf-8"?>
<Project ToolsVersion="4.0" xmlns="http://schemas.microsoft.com/developer/msbuild/2003">
  <ItemGroup>
    <ClInclude Include="$(MSBuildThisFileDirectory)CommonInclude.h">
      <Filter>Common</Filter>
    </ClInclude>
    <ClInclude Include="$(MSBuildThisFileDirectory)hjResources.h">
      <Filter>Resource\Resources</Filter>
    </ClInclude>
    <ClInclude Include="$(MSBuildThisFileDirectory)hjResource.h">
      <Filter>Resource</Filter>
    </ClInclude>
    <ClInclude Include="$(MSBuildThisFileDirectory)hjApplication.h">
      <Filter>Application</Filter>
    </ClInclude>
    <ClInclude Include="$(MSBuildThisFileDirectory)hjInput.h">
      <Filter>Input</Filter>
    </ClInclude>
    <ClInclude Include="$(MSBuildThisFileDirectory)hjMath.h">
      <Filter>Common\Math</Filter>
    </ClInclude>
    <ClInclude Include="$(MSBuildThisFileDirectory)hjTime.h">
      <Filter>Common\Time</Filter>
    </ClInclude>
    <ClInclude Include="$(MSBuildThisFileDirectory)hjEngine.h">
      <Filter>Common</Filter>
    </ClInclude>
    <ClInclude Include="$(MSBuildThisFileDirectory)hjEnums.h">
      <Filter>Common</Filter>
    </ClInclude>
    <ClInclude Include="$(MSBuildThisFileDirectory)hjEntity.h">
      <Filter>Common\Entity</Filter>
    </ClInclude>
    <ClInclude Include="$(MSBuildThisFileDirectory)hjGraphics.h">
      <Filter>Graphics</Filter>
    </ClInclude>
    <ClInclude Include="$(MSBuildThisFileDirectory)hjGameObject.h">
      <Filter>GameObject</Filter>
    </ClInclude>
    <ClInclude Include="$(MSBuildThisFileDirectory)hjScript.h">
      <Filter>GameObject\Component\Script</Filter>
    </ClInclude>
    <ClInclude Include="$(MSBuildThisFileDirectory)hjLayer.h">
      <Filter>Scene\Layer</Filter>
    </ClInclude>
    <ClInclude Include="$(MSBuildThisFileDirectory)hjSceneManager.h">
      <Filter>Scene\Manager</Filter>
    </ClInclude>
    <ClInclude Include="$(MSBuildThisFileDirectory)hjScene.h">
      <Filter>Scene\Base</Filter>
    </ClInclude>
    <ClInclude Include="$(MSBuildThisFileDirectory)hjTexture.h">
      <Filter>Resource\Texture</Filter>
    </ClInclude>
    <ClInclude Include="$(MSBuildThisFileDirectory)hjMaterial.h">
      <Filter>Resource\Material</Filter>
    </ClInclude>
    <ClInclude Include="$(MSBuildThisFileDirectory)hjShader.h">
      <Filter>Resource\Shader</Filter>
    </ClInclude>
    <ClInclude Include="$(MSBuildThisFileDirectory)hjMesh.h">
      <Filter>Resource\Mesh</Filter>
    </ClInclude>
    <ClInclude Include="$(MSBuildThisFileDirectory)hjComponent.h">
      <Filter>GameObject\Component\Base</Filter>
    </ClInclude>
    <ClInclude Include="$(MSBuildThisFileDirectory)hjMeshRenderer.h">
      <Filter>GameObject\Component\MeshRenderer</Filter>
    </ClInclude>
    <ClInclude Include="$(MSBuildThisFileDirectory)hjTransform.h">
      <Filter>GameObject\Component\Transform</Filter>
    </ClInclude>
    <ClInclude Include="$(MSBuildThisFileDirectory)hjRenderer.h">
      <Filter>Graphics\Renderer</Filter>
    </ClInclude>
    <ClInclude Include="$(MSBuildThisFileDirectory)hjConstantBuffer.h">
      <Filter>Graphics\ConstantBuffer</Filter>
    </ClInclude>
    <ClInclude Include="$(MSBuildThisFileDirectory)hjGraphicDevice_Dx11.h">
      <Filter>Graphics\GraphicDevice</Filter>
    </ClInclude>
    <ClInclude Include="$(MSBuildThisFileDirectory)hjCamera.h">
      <Filter>GameObject\Component\Camera</Filter>
    </ClInclude>
    <ClInclude Include="$(MSBuildThisFileDirectory)hjObject.h">
      <Filter>Common\Object</Filter>
    </ClInclude>
    <ClInclude Include="$(MSBuildThisFileDirectory)hjCollider2D.h">
      <Filter>GameObject\Component\Collider</Filter>
    </ClInclude>
    <ClInclude Include="$(MSBuildThisFileDirectory)hjCollisionManager.h">
      <Filter>Scene\Manager</Filter>
    </ClInclude>
    <ClInclude Include="$(MSBuildThisFileDirectory)hjMouse.h">
      <Filter>Input</Filter>
    </ClInclude>
    <ClInclude Include="$(MSBuildThisFileDirectory)hjAnimation.h">
      <Filter>Resource\Animation</Filter>
    </ClInclude>
    <ClInclude Include="$(MSBuildThisFileDirectory)hjAnimator.h">
      <Filter>GameObject\Component\Animator</Filter>
    </ClInclude>
  </ItemGroup>
  <ItemGroup>
    <Filter Include="Common">
      <UniqueIdentifier>{46c76132-2763-4de3-83b7-64f9d9ab572d}</UniqueIdentifier>
    </Filter>
    <Filter Include="Graphics">
      <UniqueIdentifier>{0c2ac0cf-a5c5-4ef2-bc5b-e1d3e3195cba}</UniqueIdentifier>
    </Filter>
    <Filter Include="Application">
      <UniqueIdentifier>{eabc1c8f-a23a-4fcc-b0ec-298d8682bbd4}</UniqueIdentifier>
    </Filter>
    <Filter Include="Input">
      <UniqueIdentifier>{350eef9b-ada7-4b18-b06f-82cf2f1ccace}</UniqueIdentifier>
    </Filter>
    <Filter Include="Resource">
      <UniqueIdentifier>{6b7695bf-4b13-4567-b835-1ef6b52885d1}</UniqueIdentifier>
    </Filter>
    <Filter Include="Resource\Resources">
      <UniqueIdentifier>{c3342436-28de-4373-af67-22900e7748f6}</UniqueIdentifier>
    </Filter>
    <Filter Include="Common\Entity">
      <UniqueIdentifier>{16bc6b46-71b1-41e6-aade-69fb718006d2}</UniqueIdentifier>
    </Filter>
    <Filter Include="Common\Math">
      <UniqueIdentifier>{e16a5873-d31c-450d-8d44-a961e36a2348}</UniqueIdentifier>
    </Filter>
    <Filter Include="Common\Time">
      <UniqueIdentifier>{5724009c-5f10-4c15-92e6-ef8aafbda6b3}</UniqueIdentifier>
    </Filter>
    <Filter Include="GameObject">
      <UniqueIdentifier>{439e12d4-3cdc-45e4-810e-2edd4b1e2e35}</UniqueIdentifier>
    </Filter>
    <Filter Include="GameObject\Component">
      <UniqueIdentifier>{4fcb8e48-bb8f-4523-980a-75712f079ee4}</UniqueIdentifier>
    </Filter>
    <Filter Include="GameObject\Component\Script">
      <UniqueIdentifier>{a1872152-e4ec-4d4b-81ae-c154184eab92}</UniqueIdentifier>
    </Filter>
    <Filter Include="Scene">
      <UniqueIdentifier>{526ba3c0-8efe-4521-ad33-e2adec1d82a0}</UniqueIdentifier>
    </Filter>
    <Filter Include="Scene\Layer">
      <UniqueIdentifier>{7c9f6160-ce60-459f-9632-863b35efc70b}</UniqueIdentifier>
    </Filter>
    <Filter Include="Scene\Manager">
      <UniqueIdentifier>{9fbd21c5-3de4-4b72-930b-4cf4acd7c749}</UniqueIdentifier>
    </Filter>
    <Filter Include="Scene\Base">
      <UniqueIdentifier>{3f1f64b7-c052-4a96-9fea-2ff618490309}</UniqueIdentifier>
    </Filter>
    <Filter Include="Resource\Texture">
      <UniqueIdentifier>{f7e7d809-a015-495f-9321-92f93126cd80}</UniqueIdentifier>
    </Filter>
    <Filter Include="Resource\Material">
      <UniqueIdentifier>{df4b21e7-6e53-40cb-bb4b-67d27c6e0cab}</UniqueIdentifier>
    </Filter>
    <Filter Include="Resource\Shader">
      <UniqueIdentifier>{c0ed2343-9118-445d-8308-d157f060b843}</UniqueIdentifier>
    </Filter>
    <Filter Include="Resource\Mesh">
      <UniqueIdentifier>{41a01193-2684-465b-9699-4a98e9b6a5eb}</UniqueIdentifier>
    </Filter>
    <Filter Include="GameObject\Component\Base">
      <UniqueIdentifier>{65c98066-7713-4763-bd31-73e8a35bb7ba}</UniqueIdentifier>
    </Filter>
    <Filter Include="GameObject\Component\MeshRenderer">
      <UniqueIdentifier>{e8acd7f1-de16-4e66-a318-85d4e82a97bf}</UniqueIdentifier>
    </Filter>
    <Filter Include="GameObject\Component\Transform">
      <UniqueIdentifier>{6557068f-9fa4-4b43-ab80-a8bb8c1945fa}</UniqueIdentifier>
    </Filter>
    <Filter Include="Graphics\ConstantBuffer">
      <UniqueIdentifier>{87e42b43-8c83-47fe-a865-a8c1d68c3aad}</UniqueIdentifier>
    </Filter>
    <Filter Include="Graphics\GraphicDevice">
      <UniqueIdentifier>{da097081-ab72-4c21-a1a6-bce3fab7e5ac}</UniqueIdentifier>
    </Filter>
    <Filter Include="Graphics\Renderer">
      <UniqueIdentifier>{aa38ced1-ba65-4f11-8fe4-3b57c095fe8d}</UniqueIdentifier>
    </Filter>
    <Filter Include="GameObject\Component\Camera">
      <UniqueIdentifier>{c8c93afb-4581-49e0-82f3-511436963d11}</UniqueIdentifier>
    </Filter>
    <Filter Include="Common\Object">
      <UniqueIdentifier>{0e45b287-232d-476a-9270-4dc8d25879e0}</UniqueIdentifier>
    </Filter>
    <Filter Include="GameObject\Component\Collider">
      <UniqueIdentifier>{c4ded838-bb95-4ed7-954d-63e4c8122a44}</UniqueIdentifier>
    </Filter>
    <Filter Include="GameObject\Component\Animator">
      <UniqueIdentifier>{9549b314-2c98-4480-857a-24bf53bc7436}</UniqueIdentifier>
    </Filter>
    <Filter Include="Resource\Animation">
      <UniqueIdentifier>{38d39af6-a717-4623-a8aa-2eafa729d56d}</UniqueIdentifier>
    </Filter>
  </ItemGroup>
  <ItemGroup>
    <ClCompile Include="$(MSBuildThisFileDirectory)hjResources.cpp">
      <Filter>Resource\Resources</Filter>
    </ClCompile>
    <ClCompile Include="$(MSBuildThisFileDirectory)hjResource.cpp">
      <Filter>Resource</Filter>
    </ClCompile>
    <ClCompile Include="$(MSBuildThisFileDirectory)hjApplication.cpp">
      <Filter>Application</Filter>
    </ClCompile>
    <ClCompile Include="$(MSBuildThisFileDirectory)hjInput.cpp">
      <Filter>Input</Filter>
    </ClCompile>
    <ClCompile Include="$(MSBuildThisFileDirectory)hjMath.cpp">
      <Filter>Common\Math</Filter>
    </ClCompile>
    <ClCompile Include="$(MSBuildThisFileDirectory)hjTime.cpp">
      <Filter>Common\Time</Filter>
    </ClCompile>
    <ClCompile Include="$(MSBuildThisFileDirectory)hjEntity.cpp">
      <Filter>Common\Entity</Filter>
    </ClCompile>
    <ClCompile Include="$(MSBuildThisFileDirectory)hjGameObject.cpp">
      <Filter>GameObject</Filter>
    </ClCompile>
    <ClCompile Include="$(MSBuildThisFileDirectory)hjScript.cpp">
      <Filter>GameObject\Component\Script</Filter>
    </ClCompile>
    <ClCompile Include="$(MSBuildThisFileDirectory)hjLayer.cpp">
      <Filter>Scene\Layer</Filter>
    </ClCompile>
    <ClCompile Include="$(MSBuildThisFileDirectory)hjSceneManager.cpp">
      <Filter>Scene\Manager</Filter>
    </ClCompile>
    <ClCompile Include="$(MSBuildThisFileDirectory)hjScene.cpp">
      <Filter>Scene\Base</Filter>
    </ClCompile>
    <ClCompile Include="$(MSBuildThisFileDirectory)hjTexture.cpp">
      <Filter>Resource\Texture</Filter>
    </ClCompile>
    <ClCompile Include="$(MSBuildThisFileDirectory)hjMaterial.cpp">
      <Filter>Resource\Material</Filter>
    </ClCompile>
    <ClCompile Include="$(MSBuildThisFileDirectory)hjShader.cpp">
      <Filter>Resource\Shader</Filter>
    </ClCompile>
    <ClCompile Include="$(MSBuildThisFileDirectory)hjMesh.cpp">
      <Filter>Resource\Mesh</Filter>
    </ClCompile>
    <ClCompile Include="$(MSBuildThisFileDirectory)hjComponent.cpp">
      <Filter>GameObject\Component\Base</Filter>
    </ClCompile>
    <ClCompile Include="$(MSBuildThisFileDirectory)hjMeshRenderer.cpp">
      <Filter>GameObject\Component\MeshRenderer</Filter>
    </ClCompile>
    <ClCompile Include="$(MSBuildThisFileDirectory)hjTransform.cpp">
      <Filter>GameObject\Component\Transform</Filter>
    </ClCompile>
    <ClCompile Include="$(MSBuildThisFileDirectory)hjRenderer.cpp">
      <Filter>Graphics\Renderer</Filter>
    </ClCompile>
    <ClCompile Include="$(MSBuildThisFileDirectory)hjConstantBuffer.cpp">
      <Filter>Graphics\ConstantBuffer</Filter>
    </ClCompile>
    <ClCompile Include="$(MSBuildThisFileDirectory)hjGraphicDevice_Dx11.cpp">
      <Filter>Graphics\GraphicDevice</Filter>
    </ClCompile>
    <ClCompile Include="$(MSBuildThisFileDirectory)hjCamera.cpp">
      <Filter>GameObject\Component\Camera</Filter>
    </ClCompile>
    <ClCompile Include="$(MSBuildThisFileDirectory)hjCollider2D.cpp">
      <Filter>GameObject\Component\Collider</Filter>
    </ClCompile>
    <ClCompile Include="$(MSBuildThisFileDirectory)hjCollisionManager.cpp">
      <Filter>Scene\Manager</Filter>
    </ClCompile>
    <ClCompile Include="$(MSBuildThisFileDirectory)hjMouse.cpp">
      <Filter>Input</Filter>
    </ClCompile>
    <ClCompile Include="$(MSBuildThisFileDirectory)hjAnimation.cpp">
      <Filter>Resource\Animation</Filter>
    </ClCompile>
    <ClCompile Include="$(MSBuildThisFileDirectory)hjAnimator.cpp">
      <Filter>GameObject\Component\Animator</Filter>
    </ClCompile>
  </ItemGroup>
  <ItemGroup>
    <None Include="$(MSBuildThisFileDirectory)hjMath.inl">
      <Filter>Common\Math</Filter>
    </None>
  </ItemGroup>
</Project>