<?xml version="1.0" encoding="utf-8"?>
<Project ToolsVersion="4.0" xmlns="http://schemas.microsoft.com/developer/msbuild/2003">
  <ItemGroup>
    <Filter Include="Editor">
      <UniqueIdentifier>{c4d7f434-d50b-46a1-8dc7-dcbee40cbada}</UniqueIdentifier>
    </Filter>
  </ItemGroup>
  <ItemGroup>
    <ClInclude Include="$(MSBuildThisFileDirectory)hjGuiDebugObject.h" />
    <ClInclude Include="$(MSBuildThisFileDirectory)hjGuiEditorObject.h" />
    <ClInclude Include="$(MSBuildThisFileDirectory)hjGuiWidget.h" />
    <ClInclude Include="$(MSBuildThisFileDirectory)hjGuiEditor.h">
      <Filter>Editor</Filter>
    </ClInclude>
  </ItemGroup>
  <ItemGroup>
    <ClCompile Include="$(MSBuildThisFileDirectory)hjGuiDebugObject.cpp" />
    <ClCompile Include="$(MSBuildThisFileDirectory)hjGuiEditorObject.cpp" />
    <ClCompile Include="$(MSBuildThisFileDirectory)hjGuiWidget.cpp" />
    <ClCompile Include="$(MSBuildThisFileDirectory)hjGuiEditor.cpp">
      <Filter>Editor</Filter>
    </ClCompile>
  </ItemGroup>
</Project>